
Microsoft Visual Studio Solution File, Format Version 12.00
# Visual Studio Version 17
VisualStudioVersion = 17.1.32328.378
MinimumVisualStudioVersion = 10.0.40219.1
Project("{2150E333-8FDC-42A3-9474-1A3956D46DE8}") = "Src", "Src", "{4CF3F248-85D5-434C-A32B-12D3B73E9F60}"
EndProject
Project("{2150E333-8FDC-42A3-9474-1A3956D46DE8}") = "Presentation", "Presentation", "{E7EB941D-4803-48E8-904A-A03425E09D22}"
EndProject
Project("{2150E333-8FDC-42A3-9474-1A3956D46DE8}") = "Common", "Common", "{D7683030-B55A-42E5-B5BE-6199740846F0}"
EndProject
Project("{2150E333-8FDC-42A3-9474-1A3956D46DE8}") = "Infrastructure", "Infrastructure", "{BCF01E64-023B-431A-80E0-FEEDFC4FCECD}"
EndProject
Project("{2150E333-8FDC-42A3-9474-1A3956D46DE8}") = "Core", "Core", "{D578F192-3E0E-41C0-993D-4E5763DBB5C4}"
EndProject
Project("{9A19103F-16F7-4668-BE54-9A1E7A4F7556}") = "TopStories.Api", "TopStories.Api\TopStories.Api.csproj", "{5786E586-CAF7-4E51-9815-5640085E2A7F}"
EndProject
Project("{9A19103F-16F7-4668-BE54-9A1E7A4F7556}") = "TopStories.Persistence", "TopStories.Persistence\TopStories.Persistence.csproj", "{A9BD97E3-7002-41AA-ADA1-090D11E66A85}"
EndProject
Project("{9A19103F-16F7-4668-BE54-9A1E7A4F7556}") = "TopStories.Infrastructure", "TopStories.Infrastructure\TopStories.Infrastructure.csproj", "{25D7D8EA-C875-4B36-97F0-B0161FC170EF}"
EndProject
Project("{9A19103F-16F7-4668-BE54-9A1E7A4F7556}") = "TopStories.Application", "TopStories.Application\TopStories.Application.csproj", "{176B5304-623E-4FB3-BF99-0220960E7B86}"
EndProject
Project("{9A19103F-16F7-4668-BE54-9A1E7A4F7556}") = "TopStories.Domain", "TopStories.Domain\TopStories.Domain.csproj", "{CD12125E-27BF-4F35-8E07-A69FB99CE41C}"
EndProject
Project("{9A19103F-16F7-4668-BE54-9A1E7A4F7556}") = "TopStories.Common", "TopStories.Common\TopStories.Common.csproj", "{AF3EE11B-EA93-435F-97F8-C95998746012}"
EndProject
Project("{9A19103F-16F7-4668-BE54-9A1E7A4F7556}") = "TopStories.DataContract", "TopStories.DataContract\TopStories.DataContract.csproj", "{C4E74BAB-E903-4FDF-85E2-F100863B9D78}"
EndProject
Global
	GlobalSection(SolutionConfigurationPlatforms) = preSolution
		Debug|Any CPU = Debug|Any CPU
		Release|Any CPU = Release|Any CPU
	EndGlobalSection
	GlobalSection(ProjectConfigurationPlatforms) = postSolution
		{5786E586-CAF7-4E51-9815-5640085E2A7F}.Debug|Any CPU.ActiveCfg = Debug|Any CPU
		{5786E586-CAF7-4E51-9815-5640085E2A7F}.Debug|Any CPU.Build.0 = Debug|Any CPU
		{5786E586-CAF7-4E51-9815-5640085E2A7F}.Release|Any CPU.ActiveCfg = Release|Any CPU
		{5786E586-CAF7-4E51-9815-5640085E2A7F}.Release|Any CPU.Build.0 = Release|Any CPU
		{A9BD97E3-7002-41AA-ADA1-090D11E66A85}.Debug|Any CPU.ActiveCfg = Debug|Any CPU
		{A9BD97E3-7002-41AA-ADA1-090D11E66A85}.Debug|Any CPU.Build.0 = Debug|Any CPU
		{A9BD97E3-7002-41AA-ADA1-090D11E66A85}.Release|Any CPU.ActiveCfg = Release|Any CPU
		{A9BD97E3-7002-41AA-ADA1-090D11E66A85}.Release|Any CPU.Build.0 = Release|Any CPU
		{25D7D8EA-C875-4B36-97F0-B0161FC170EF}.Debug|Any CPU.ActiveCfg = Debug|Any CPU
		{25D7D8EA-C875-4B36-97F0-B0161FC170EF}.Debug|Any CPU.Build.0 = Debug|Any CPU
		{25D7D8EA-C875-4B36-97F0-B0161FC170EF}.Release|Any CPU.ActiveCfg = Release|Any CPU
		{25D7D8EA-C875-4B36-97F0-B0161FC170EF}.Release|Any CPU.Build.0 = Release|Any CPU
		{176B5304-623E-4FB3-BF99-0220960E7B86}.Debug|Any CPU.ActiveCfg = Debug|Any CPU
		{176B5304-623E-4FB3-BF99-0220960E7B86}.Debug|Any CPU.Build.0 = Debug|Any CPU
		{176B5304-623E-4FB3-BF99-0220960E7B86}.Release|Any CPU.ActiveCfg = Release|Any CPU
		{176B5304-623E-4FB3-BF99-0220960E7B86}.Release|Any CPU.Build.0 = Release|Any CPU
		{CD12125E-27BF-4F35-8E07-A69FB99CE41C}.Debug|Any CPU.ActiveCfg = Debug|Any CPU
		{CD12125E-27BF-4F35-8E07-A69FB99CE41C}.Debug|Any CPU.Build.0 = Debug|Any CPU
		{CD12125E-27BF-4F35-8E07-A69FB99CE41C}.Release|Any CPU.ActiveCfg = Release|Any CPU
		{CD12125E-27BF-4F35-8E07-A69FB99CE41C}.Release|Any CPU.Build.0 = Release|Any CPU
		{AF3EE11B-EA93-435F-97F8-C95998746012}.Debug|Any CPU.ActiveCfg = Debug|Any CPU
		{AF3EE11B-EA93-435F-97F8-C95998746012}.Debug|Any CPU.Build.0 = Debug|Any CPU
		{AF3EE11B-EA93-435F-97F8-C95998746012}.Release|Any CPU.ActiveCfg = Release|Any CPU
		{AF3EE11B-EA93-435F-97F8-C95998746012}.Release|Any CPU.Build.0 = Release|Any CPU
		{C4E74BAB-E903-4FDF-85E2-F100863B9D78}.Debug|Any CPU.ActiveCfg = Debug|Any CPU
		{C4E74BAB-E903-4FDF-85E2-F100863B9D78}.Debug|Any CPU.Build.0 = Debug|Any CPU
		{C4E74BAB-E903-4FDF-85E2-F100863B9D78}.Release|Any CPU.ActiveCfg = Release|Any CPU
		{C4E74BAB-E903-4FDF-85E2-F100863B9D78}.Release|Any CPU.Build.0 = Release|Any CPU
	EndGlobalSection
	GlobalSection(SolutionProperties) = preSolution
		HideSolutionNode = FALSE
	EndGlobalSection
	GlobalSection(NestedProjects) = preSolution
		{E7EB941D-4803-48E8-904A-A03425E09D22} = {4CF3F248-85D5-434C-A32B-12D3B73E9F60}
		{D7683030-B55A-42E5-B5BE-6199740846F0} = {4CF3F248-85D5-434C-A32B-12D3B73E9F60}
		{BCF01E64-023B-431A-80E0-FEEDFC4FCECD} = {4CF3F248-85D5-434C-A32B-12D3B73E9F60}
		{D578F192-3E0E-41C0-993D-4E5763DBB5C4} = {4CF3F248-85D5-434C-A32B-12D3B73E9F60}
		{5786E586-CAF7-4E51-9815-5640085E2A7F} = {E7EB941D-4803-48E8-904A-A03425E09D22}
		{A9BD97E3-7002-41AA-ADA1-090D11E66A85} = {BCF01E64-023B-431A-80E0-FEEDFC4FCECD}
		{25D7D8EA-C875-4B36-97F0-B0161FC170EF} = {BCF01E64-023B-431A-80E0-FEEDFC4FCECD}
		{176B5304-623E-4FB3-BF99-0220960E7B86} = {D578F192-3E0E-41C0-993D-4E5763DBB5C4}
		{CD12125E-27BF-4F35-8E07-A69FB99CE41C} = {D578F192-3E0E-41C0-993D-4E5763DBB5C4}
		{AF3EE11B-EA93-435F-97F8-C95998746012} = {D7683030-B55A-42E5-B5BE-6199740846F0}
		{C4E74BAB-E903-4FDF-85E2-F100863B9D78} = {D7683030-B55A-42E5-B5BE-6199740846F0}
	EndGlobalSection
	GlobalSection(ExtensibilityGlobals) = postSolution
		SolutionGuid = {9BCF6B3A-F2AD-43A8-9DB4-EA0ADABECE67}
	EndGlobalSection
EndGlobal
